
Microsoft Visual Studio Solution File, Format Version 12.00
# Visual Studio 2013
VisualStudioVersion = 12.0.31101.0
MinimumVisualStudioVersion = 10.0.40219.1
Project("{FAE04EC0-301F-11D3-BF4B-00C04F79EFBC}") = "SDK Sample", "SDK Sample\SDK Sample.csproj", "{5130DFDB-3C66-490B-8F50-D62B757EFDE5}"
EndProject
Project("{FAE04EC0-301F-11D3-BF4B-00C04F79EFBC}") = "VK.WindowsPhone.SDK", "VK.WindowsPhone.SDK\VK.WindowsPhone.SDK.csproj", "{E700A31E-1BB7-4231-8790-91A75649009B}"
EndProject
Project("{FAE04EC0-301F-11D3-BF4B-00C04F79EFBC}") = "VK.WindowsPhone.SDKXAML", "VK.WindowsPhone.SDKXAML\VK.WindowsPhone.SDKXAML.csproj", "{760BA847-660D-4269-95CF-B54B6E6E0D62}"
EndProject
Global
	GlobalSection(SolutionConfigurationPlatforms) = preSolution
		Debug|Any CPU = Debug|Any CPU
		Debug|ARM = Debug|ARM
		Debug|x86 = Debug|x86
		Release|Any CPU = Release|Any CPU
		Release|ARM = Release|ARM
		Release|x86 = Release|x86
	EndGlobalSection
	GlobalSection(ProjectConfigurationPlatforms) = postSolution
		{5130DFDB-3C66-490B-8F50-D62B757EFDE5}.Debug|Any CPU.ActiveCfg = Debug|Any CPU
		{5130DFDB-3C66-490B-8F50-D62B757EFDE5}.Debug|Any CPU.Build.0 = Debug|Any CPU
		{5130DFDB-3C66-490B-8F50-D62B757EFDE5}.Debug|Any CPU.Deploy.0 = Debug|Any CPU
		{5130DFDB-3C66-490B-8F50-D62B757EFDE5}.Debug|ARM.ActiveCfg = Debug|ARM
		{5130DFDB-3C66-490B-8F50-D62B757EFDE5}.Debug|ARM.Build.0 = Debug|ARM
		{5130DFDB-3C66-490B-8F50-D62B757EFDE5}.Debug|ARM.Deploy.0 = Debug|ARM
		{5130DFDB-3C66-490B-8F50-D62B757EFDE5}.Debug|x86.ActiveCfg = Debug|x86
		{5130DFDB-3C66-490B-8F50-D62B757EFDE5}.Debug|x86.Build.0 = Debug|x86
		{5130DFDB-3C66-490B-8F50-D62B757EFDE5}.Debug|x86.Deploy.0 = Debug|x86
		{5130DFDB-3C66-490B-8F50-D62B757EFDE5}.Release|Any CPU.ActiveCfg = Release|Any CPU
		{5130DFDB-3C66-490B-8F50-D62B757EFDE5}.Release|Any CPU.Build.0 = Release|Any CPU
		{5130DFDB-3C66-490B-8F50-D62B757EFDE5}.Release|Any CPU.Deploy.0 = Release|Any CPU
		{5130DFDB-3C66-490B-8F50-D62B757EFDE5}.Release|ARM.ActiveCfg = Release|ARM
		{5130DFDB-3C66-490B-8F50-D62B757EFDE5}.Release|ARM.Build.0 = Release|ARM
		{5130DFDB-3C66-490B-8F50-D62B757EFDE5}.Release|ARM.Deploy.0 = Release|ARM
		{5130DFDB-3C66-490B-8F50-D62B757EFDE5}.Release|x86.ActiveCfg = Release|x86
		{5130DFDB-3C66-490B-8F50-D62B757EFDE5}.Release|x86.Build.0 = Release|x86
		{5130DFDB-3C66-490B-8F50-D62B757EFDE5}.Release|x86.Deploy.0 = Release|x86
		{E700A31E-1BB7-4231-8790-91A75649009B}.Debug|Any CPU.ActiveCfg = Debug|Any CPU
		{E700A31E-1BB7-4231-8790-91A75649009B}.Debug|Any CPU.Build.0 = Debug|Any CPU
		{E700A31E-1BB7-4231-8790-91A75649009B}.Debug|ARM.ActiveCfg = Debug|ARM
		{E700A31E-1BB7-4231-8790-91A75649009B}.Debug|ARM.Build.0 = Debug|ARM
		{E700A31E-1BB7-4231-8790-91A75649009B}.Debug|x86.ActiveCfg = Debug|x86
		{E700A31E-1BB7-4231-8790-91A75649009B}.Debug|x86.Build.0 = Debug|x86
		{E700A31E-1BB7-4231-8790-91A75649009B}.Release|Any CPU.ActiveCfg = Release|Any CPU
		{E700A31E-1BB7-4231-8790-91A75649009B}.Release|Any CPU.Build.0 = Release|Any CPU
		{E700A31E-1BB7-4231-8790-91A75649009B}.Release|ARM.ActiveCfg = Release|ARM
		{E700A31E-1BB7-4231-8790-91A75649009B}.Release|ARM.Build.0 = Release|ARM
		{E700A31E-1BB7-4231-8790-91A75649009B}.Release|x86.ActiveCfg = Release|x86
		{E700A31E-1BB7-4231-8790-91A75649009B}.Release|x86.Build.0 = Release|x86
		{760BA847-660D-4269-95CF-B54B6E6E0D62}.Debug|Any CPU.ActiveCfg = Debug|Any CPU
		{760BA847-660D-4269-95CF-B54B6E6E0D62}.Debug|Any CPU.Build.0 = Debug|Any CPU
		{760BA847-660D-4269-95CF-B54B6E6E0D62}.Debug|ARM.ActiveCfg = Debug|ARM
		{760BA847-660D-4269-95CF-B54B6E6E0D62}.Debug|ARM.Build.0 = Debug|ARM
		{760BA847-660D-4269-95CF-B54B6E6E0D62}.Debug|x86.ActiveCfg = Debug|x86
		{760BA847-660D-4269-95CF-B54B6E6E0D62}.Debug|x86.Build.0 = Debug|x86
		{760BA847-660D-4269-95CF-B54B6E6E0D62}.Release|Any CPU.ActiveCfg = Release|Any CPU
		{760BA847-660D-4269-95CF-B54B6E6E0D62}.Release|Any CPU.Build.0 = Release|Any CPU
		{760BA847-660D-4269-95CF-B54B6E6E0D62}.Release|ARM.ActiveCfg = Release|ARM
		{760BA847-660D-4269-95CF-B54B6E6E0D62}.Release|ARM.Build.0 = Release|ARM
		{760BA847-660D-4269-95CF-B54B6E6E0D62}.Release|x86.ActiveCfg = Release|x86
		{760BA847-660D-4269-95CF-B54B6E6E0D62}.Release|x86.Build.0 = Release|x86
	EndGlobalSection
	GlobalSection(SolutionProperties) = preSolution
		HideSolutionNode = FALSE
	EndGlobalSection
EndGlobal
