
Microsoft Visual Studio Solution File, Format Version 12.00
# Visual Studio 2013
VisualStudioVersion = 12.0.31101.0
MinimumVisualStudioVersion = 10.0.40219.1
Project("{FAE04EC0-301F-11D3-BF4B-00C04F79EFBC}") = "SDK Sample", "SDK Sample\SDK Sample.csproj", "{5130DFDB-3C66-490B-8F50-D62B757EFDE5}"
EndProject
Project("{FAE04EC0-301F-11D3-BF4B-00C04F79EFBC}") = "VK.WindowsPhone.SDK", "VK.WindowsPhone.SDK\VK.WindowsPhone.SDK.csproj", "{E700A31E-1BB7-4231-8790-91A75649009B}"
EndProject
Project("{FAE04EC0-301F-11D3-BF4B-00C04F79EFBC}") = "VK.WindowsPhone.SDK-XAML", "VK.WindowsPhone.SDK-XAML\VK.WindowsPhone.SDK-XAML.csproj", "{A7E0FC88-A513-4981-8C2A-0106045E695B}"
EndProject
Project("{FAE04EC0-301F-11D3-BF4B-00C04F79EFBC}") = "SDKSample-XAML", "SDKSample-XAML\SDKSample-XAML.csproj", "{94AAA208-39D6-4B25-89BD-D42FDFB5D180}"
EndProject
Project("{FAE04EC0-301F-11D3-BF4B-00C04F79EFBC}") = "SDKSample81", "SDKSample81\SDKSample81.csproj", "{418DF9F9-E30E-45E2-9824-2F9236B4AF57}"
EndProject
Global
	GlobalSection(SolutionConfigurationPlatforms) = preSolution
		Debug|Any CPU = Debug|Any CPU
		Debug|ARM = Debug|ARM
		Debug|x86 = Debug|x86
		Release|Any CPU = Release|Any CPU
		Release|ARM = Release|ARM
		Release|x86 = Release|x86
	EndGlobalSection
	GlobalSection(ProjectConfigurationPlatforms) = postSolution
		{5130DFDB-3C66-490B-8F50-D62B757EFDE5}.Debug|Any CPU.ActiveCfg = Debug|Any CPU
		{5130DFDB-3C66-490B-8F50-D62B757EFDE5}.Debug|Any CPU.Build.0 = Debug|Any CPU
		{5130DFDB-3C66-490B-8F50-D62B757EFDE5}.Debug|Any CPU.Deploy.0 = Debug|Any CPU
		{5130DFDB-3C66-490B-8F50-D62B757EFDE5}.Debug|ARM.ActiveCfg = Debug|ARM
		{5130DFDB-3C66-490B-8F50-D62B757EFDE5}.Debug|ARM.Build.0 = Debug|ARM
		{5130DFDB-3C66-490B-8F50-D62B757EFDE5}.Debug|ARM.Deploy.0 = Debug|ARM
		{5130DFDB-3C66-490B-8F50-D62B757EFDE5}.Debug|x86.ActiveCfg = Debug|x86
		{5130DFDB-3C66-490B-8F50-D62B757EFDE5}.Debug|x86.Build.0 = Debug|x86
		{5130DFDB-3C66-490B-8F50-D62B757EFDE5}.Debug|x86.Deploy.0 = Debug|x86
		{5130DFDB-3C66-490B-8F50-D62B757EFDE5}.Release|Any CPU.ActiveCfg = Release|Any CPU
		{5130DFDB-3C66-490B-8F50-D62B757EFDE5}.Release|Any CPU.Build.0 = Release|Any CPU
		{5130DFDB-3C66-490B-8F50-D62B757EFDE5}.Release|Any CPU.Deploy.0 = Release|Any CPU
		{5130DFDB-3C66-490B-8F50-D62B757EFDE5}.Release|ARM.ActiveCfg = Release|ARM
		{5130DFDB-3C66-490B-8F50-D62B757EFDE5}.Release|ARM.Build.0 = Release|ARM
		{5130DFDB-3C66-490B-8F50-D62B757EFDE5}.Release|ARM.Deploy.0 = Release|ARM
		{5130DFDB-3C66-490B-8F50-D62B757EFDE5}.Release|x86.ActiveCfg = Release|x86
		{5130DFDB-3C66-490B-8F50-D62B757EFDE5}.Release|x86.Build.0 = Release|x86
		{5130DFDB-3C66-490B-8F50-D62B757EFDE5}.Release|x86.Deploy.0 = Release|x86
		{E700A31E-1BB7-4231-8790-91A75649009B}.Debug|Any CPU.ActiveCfg = Debug|Any CPU
		{E700A31E-1BB7-4231-8790-91A75649009B}.Debug|Any CPU.Build.0 = Debug|Any CPU
		{E700A31E-1BB7-4231-8790-91A75649009B}.Debug|ARM.ActiveCfg = Debug|ARM
		{E700A31E-1BB7-4231-8790-91A75649009B}.Debug|ARM.Build.0 = Debug|ARM
		{E700A31E-1BB7-4231-8790-91A75649009B}.Debug|x86.ActiveCfg = Debug|x86
		{E700A31E-1BB7-4231-8790-91A75649009B}.Debug|x86.Build.0 = Debug|x86
		{E700A31E-1BB7-4231-8790-91A75649009B}.Release|Any CPU.ActiveCfg = Release|Any CPU
		{E700A31E-1BB7-4231-8790-91A75649009B}.Release|Any CPU.Build.0 = Release|Any CPU
		{E700A31E-1BB7-4231-8790-91A75649009B}.Release|ARM.ActiveCfg = Release|ARM
		{E700A31E-1BB7-4231-8790-91A75649009B}.Release|ARM.Build.0 = Release|ARM
		{E700A31E-1BB7-4231-8790-91A75649009B}.Release|x86.ActiveCfg = Release|x86
		{E700A31E-1BB7-4231-8790-91A75649009B}.Release|x86.Build.0 = Release|x86
		{A7E0FC88-A513-4981-8C2A-0106045E695B}.Debug|Any CPU.ActiveCfg = Debug|Any CPU
		{A7E0FC88-A513-4981-8C2A-0106045E695B}.Debug|Any CPU.Build.0 = Debug|Any CPU
		{A7E0FC88-A513-4981-8C2A-0106045E695B}.Debug|ARM.ActiveCfg = Debug|Any CPU
		{A7E0FC88-A513-4981-8C2A-0106045E695B}.Debug|x86.ActiveCfg = Debug|Any CPU
		{A7E0FC88-A513-4981-8C2A-0106045E695B}.Release|Any CPU.ActiveCfg = Release|Any CPU
		{A7E0FC88-A513-4981-8C2A-0106045E695B}.Release|Any CPU.Build.0 = Release|Any CPU
		{A7E0FC88-A513-4981-8C2A-0106045E695B}.Release|ARM.ActiveCfg = Release|Any CPU
		{A7E0FC88-A513-4981-8C2A-0106045E695B}.Release|x86.ActiveCfg = Release|Any CPU
		{94AAA208-39D6-4B25-89BD-D42FDFB5D180}.Debug|Any CPU.ActiveCfg = Debug|Any CPU
		{94AAA208-39D6-4B25-89BD-D42FDFB5D180}.Debug|Any CPU.Build.0 = Debug|Any CPU
		{94AAA208-39D6-4B25-89BD-D42FDFB5D180}.Debug|Any CPU.Deploy.0 = Debug|Any CPU
		{94AAA208-39D6-4B25-89BD-D42FDFB5D180}.Debug|ARM.ActiveCfg = Debug|ARM
		{94AAA208-39D6-4B25-89BD-D42FDFB5D180}.Debug|ARM.Build.0 = Debug|ARM
		{94AAA208-39D6-4B25-89BD-D42FDFB5D180}.Debug|ARM.Deploy.0 = Debug|ARM
		{94AAA208-39D6-4B25-89BD-D42FDFB5D180}.Debug|x86.ActiveCfg = Debug|x86
		{94AAA208-39D6-4B25-89BD-D42FDFB5D180}.Debug|x86.Build.0 = Debug|x86
		{94AAA208-39D6-4B25-89BD-D42FDFB5D180}.Debug|x86.Deploy.0 = Debug|x86
		{94AAA208-39D6-4B25-89BD-D42FDFB5D180}.Release|Any CPU.ActiveCfg = Release|Any CPU
		{94AAA208-39D6-4B25-89BD-D42FDFB5D180}.Release|Any CPU.Build.0 = Release|Any CPU
		{94AAA208-39D6-4B25-89BD-D42FDFB5D180}.Release|Any CPU.Deploy.0 = Release|Any CPU
		{94AAA208-39D6-4B25-89BD-D42FDFB5D180}.Release|ARM.ActiveCfg = Release|ARM
		{94AAA208-39D6-4B25-89BD-D42FDFB5D180}.Release|ARM.Build.0 = Release|ARM
		{94AAA208-39D6-4B25-89BD-D42FDFB5D180}.Release|ARM.Deploy.0 = Release|ARM
		{94AAA208-39D6-4B25-89BD-D42FDFB5D180}.Release|x86.ActiveCfg = Release|x86
		{94AAA208-39D6-4B25-89BD-D42FDFB5D180}.Release|x86.Build.0 = Release|x86
		{94AAA208-39D6-4B25-89BD-D42FDFB5D180}.Release|x86.Deploy.0 = Release|x86
		{418DF9F9-E30E-45E2-9824-2F9236B4AF57}.Debug|Any CPU.ActiveCfg = Debug|Any CPU
		{418DF9F9-E30E-45E2-9824-2F9236B4AF57}.Debug|Any CPU.Build.0 = Debug|Any CPU
		{418DF9F9-E30E-45E2-9824-2F9236B4AF57}.Debug|Any CPU.Deploy.0 = Debug|Any CPU
		{418DF9F9-E30E-45E2-9824-2F9236B4AF57}.Debug|ARM.ActiveCfg = Debug|ARM
		{418DF9F9-E30E-45E2-9824-2F9236B4AF57}.Debug|ARM.Build.0 = Debug|ARM
		{418DF9F9-E30E-45E2-9824-2F9236B4AF57}.Debug|ARM.Deploy.0 = Debug|ARM
		{418DF9F9-E30E-45E2-9824-2F9236B4AF57}.Debug|x86.ActiveCfg = Debug|x86
		{418DF9F9-E30E-45E2-9824-2F9236B4AF57}.Debug|x86.Build.0 = Debug|x86
		{418DF9F9-E30E-45E2-9824-2F9236B4AF57}.Debug|x86.Deploy.0 = Debug|x86
		{418DF9F9-E30E-45E2-9824-2F9236B4AF57}.Release|Any CPU.ActiveCfg = Release|Any CPU
		{418DF9F9-E30E-45E2-9824-2F9236B4AF57}.Release|Any CPU.Build.0 = Release|Any CPU
		{418DF9F9-E30E-45E2-9824-2F9236B4AF57}.Release|Any CPU.Deploy.0 = Release|Any CPU
		{418DF9F9-E30E-45E2-9824-2F9236B4AF57}.Release|ARM.ActiveCfg = Release|ARM
		{418DF9F9-E30E-45E2-9824-2F9236B4AF57}.Release|ARM.Build.0 = Release|ARM
		{418DF9F9-E30E-45E2-9824-2F9236B4AF57}.Release|ARM.Deploy.0 = Release|ARM
		{418DF9F9-E30E-45E2-9824-2F9236B4AF57}.Release|x86.ActiveCfg = Release|x86
		{418DF9F9-E30E-45E2-9824-2F9236B4AF57}.Release|x86.Build.0 = Release|x86
		{418DF9F9-E30E-45E2-9824-2F9236B4AF57}.Release|x86.Deploy.0 = Release|x86
	EndGlobalSection
	GlobalSection(SolutionProperties) = preSolution
		HideSolutionNode = FALSE
	EndGlobalSection
EndGlobal
